
Microsoft Visual Studio Solution File, Format Version 12.00
# Visual Studio Version 16
VisualStudioVersion = 16.0.34301.259
MinimumVisualStudioVersion = 10.0.40219.1
Project("{9A19103F-16F7-4668-BE54-9A1E7A4F7556}") = "pruebasch", "pruebasch\pruebasch.csproj", "{E92850F6-125E-4E29-8B73-C7FF9014641B}"
EndProject
Project("{FAE04EC0-301F-11D3-BF4B-00C04F79EFBC}") = "Testing.test", "Testing.test\Testing.test.csproj", "{79F3CCB7-4277-425C-A2CF-258B709BCC55}"
EndProject
Global
	GlobalSection(SolutionConfigurationPlatforms) = preSolution
		Debug|Any CPU = Debug|Any CPU
		Release|Any CPU = Release|Any CPU
	EndGlobalSection
	GlobalSection(ProjectConfigurationPlatforms) = postSolution
		{E92850F6-125E-4E29-8B73-C7FF9014641B}.Debug|Any CPU.ActiveCfg = Debug|Any CPU
		{E92850F6-125E-4E29-8B73-C7FF9014641B}.Debug|Any CPU.Build.0 = Debug|Any CPU
		{E92850F6-125E-4E29-8B73-C7FF9014641B}.Release|Any CPU.ActiveCfg = Release|Any CPU
		{E92850F6-125E-4E29-8B73-C7FF9014641B}.Release|Any CPU.Build.0 = Release|Any CPU
		{79F3CCB7-4277-425C-A2CF-258B709BCC55}.Debug|Any CPU.ActiveCfg = Debug|Any CPU
		{79F3CCB7-4277-425C-A2CF-258B709BCC55}.Debug|Any CPU.Build.0 = Debug|Any CPU
		{79F3CCB7-4277-425C-A2CF-258B709BCC55}.Release|Any CPU.ActiveCfg = Release|Any CPU
		{79F3CCB7-4277-425C-A2CF-258B709BCC55}.Release|Any CPU.Build.0 = Release|Any CPU
	EndGlobalSection
	GlobalSection(SolutionProperties) = preSolution
		HideSolutionNode = FALSE
	EndGlobalSection
	GlobalSection(ExtensibilityGlobals) = postSolution
		SolutionGuid = {4C352BCE-1831-485A-A6BA-E3451575969A}
	EndGlobalSection
EndGlobal
